
Microsoft Visual Studio Solution File, Format Version 12.00
# Visual Studio Version 17
VisualStudioVersion = 17.9.34728.123
MinimumVisualStudioVersion = 10.0.40219.1
Project("{2150E333-8FDC-42A3-9474-1A3956D46DE8}") = "Enterprise Business Rules", "Enterprise Business Rules", "{EE60C3AE-E24E-4203-A6A7-FCA03B371CDA}"
EndProject
Project("{2150E333-8FDC-42A3-9474-1A3956D46DE8}") = "Aplication Business Rules", "Aplication Business Rules", "{A3DF3918-2387-40BD-9952-2EAF4E18506E}"
EndProject
Project("{2150E333-8FDC-42A3-9474-1A3956D46DE8}") = "Frameworks and Drivers", "Frameworks and Drivers", "{626B0391-FF7B-477C-97B2-62126E81CF09}"
EndProject
Project("{2150E333-8FDC-42A3-9474-1A3956D46DE8}") = "Interface Adpaters", "Interface Adpaters", "{503F5B68-42D8-4FDF-A18A-6FC2A344D3E3}"
EndProject
Project("{FAE04EC0-301F-11D3-BF4B-00C04F79EFBC}") = "NorthWind.Entities", "NorthWind.Entities\NorthWind.Entities.csproj", "{9ACB554B-02F4-4AB4-A9C1-02FECD2956C0}"
EndProject
Global
	GlobalSection(SolutionConfigurationPlatforms) = preSolution
		Debug|Any CPU = Debug|Any CPU
		Release|Any CPU = Release|Any CPU
	EndGlobalSection
	GlobalSection(ProjectConfigurationPlatforms) = postSolution
		{9ACB554B-02F4-4AB4-A9C1-02FECD2956C0}.Debug|Any CPU.ActiveCfg = Debug|Any CPU
		{9ACB554B-02F4-4AB4-A9C1-02FECD2956C0}.Debug|Any CPU.Build.0 = Debug|Any CPU
		{9ACB554B-02F4-4AB4-A9C1-02FECD2956C0}.Release|Any CPU.ActiveCfg = Release|Any CPU
		{9ACB554B-02F4-4AB4-A9C1-02FECD2956C0}.Release|Any CPU.Build.0 = Release|Any CPU
	EndGlobalSection
	GlobalSection(SolutionProperties) = preSolution
		HideSolutionNode = FALSE
	EndGlobalSection
	GlobalSection(NestedProjects) = preSolution
		{9ACB554B-02F4-4AB4-A9C1-02FECD2956C0} = {EE60C3AE-E24E-4203-A6A7-FCA03B371CDA}
	EndGlobalSection
	GlobalSection(ExtensibilityGlobals) = postSolution
		SolutionGuid = {005862C5-440F-464B-9781-99043CECFF99}
	EndGlobalSection
EndGlobal
