
Microsoft Visual Studio Solution File, Format Version 12.00
# Visual Studio Version 17
VisualStudioVersion = 17.9.34728.123
MinimumVisualStudioVersion = 10.0.40219.1
Project("{2150E333-8FDC-42A3-9474-1A3956D46DE8}") = "Enterprise Business Rules", "Enterprise Business Rules", "{EE60C3AE-E24E-4203-A6A7-FCA03B371CDA}"
EndProject
Project("{2150E333-8FDC-42A3-9474-1A3956D46DE8}") = "Aplication Business Rules", "Aplication Business Rules", "{A3DF3918-2387-40BD-9952-2EAF4E18506E}"
EndProject
Project("{2150E333-8FDC-42A3-9474-1A3956D46DE8}") = "Frameworks and Drivers", "Frameworks and Drivers", "{626B0391-FF7B-477C-97B2-62126E81CF09}"
EndProject
Project("{2150E333-8FDC-42A3-9474-1A3956D46DE8}") = "Interface Adapters", "Interface Adapters", "{503F5B68-42D8-4FDF-A18A-6FC2A344D3E3}"
EndProject
Project("{9A19103F-16F7-4668-BE54-9A1E7A4F7556}") = "NorthWind.Entities", "NorthWind.Entities\NorthWind.Entities.csproj", "{9ACB554B-02F4-4AB4-A9C1-02FECD2956C0}"
EndProject
Project("{2150E333-8FDC-42A3-9474-1A3956D46DE8}") = "Gateways", "Gateways", "{D3AB14E9-21BD-4701-94B6-F3837094EBF4}"
EndProject
Project("{9A19103F-16F7-4668-BE54-9A1E7A4F7556}") = "NorthWind.Repositories.EFCore", "NorthWind.Repositories.EFCore\NorthWind.Repositories.EFCore.csproj", "{6EE62D0A-A8B2-4A98-A3CC-10323019AE2B}"
EndProject
Project("{FAE04EC0-301F-11D3-BF4B-00C04F79EFBC}") = "NorthWind.UseCasesDTOs", "NorthWind.UseCasesDTOs\NorthWind.UseCasesDTOs.csproj", "{E0B1F306-BF8E-4273-8E4E-BF12B838D8A0}"
EndProject
Project("{FAE04EC0-301F-11D3-BF4B-00C04F79EFBC}") = "NorthWind.UseCases", "NorthWind.UseCases\NorthWind.UseCases.csproj", "{3B2FACFF-FADE-4BB2-AAB5-D40CEF0CACBD}"
EndProject
Project("{FAE04EC0-301F-11D3-BF4B-00C04F79EFBC}") = "NorthWind.loC", "NorthWind.loC\NorthWind.loC.csproj", "{F230F56A-FF11-4849-99A7-32F2B5F46968}"
EndProject
Global
	GlobalSection(SolutionConfigurationPlatforms) = preSolution
		Debug|Any CPU = Debug|Any CPU
		Release|Any CPU = Release|Any CPU
	EndGlobalSection
	GlobalSection(ProjectConfigurationPlatforms) = postSolution
		{9ACB554B-02F4-4AB4-A9C1-02FECD2956C0}.Debug|Any CPU.ActiveCfg = Debug|Any CPU
		{9ACB554B-02F4-4AB4-A9C1-02FECD2956C0}.Debug|Any CPU.Build.0 = Debug|Any CPU
		{9ACB554B-02F4-4AB4-A9C1-02FECD2956C0}.Release|Any CPU.ActiveCfg = Release|Any CPU
		{9ACB554B-02F4-4AB4-A9C1-02FECD2956C0}.Release|Any CPU.Build.0 = Release|Any CPU
		{6EE62D0A-A8B2-4A98-A3CC-10323019AE2B}.Debug|Any CPU.ActiveCfg = Debug|Any CPU
		{6EE62D0A-A8B2-4A98-A3CC-10323019AE2B}.Debug|Any CPU.Build.0 = Debug|Any CPU
		{6EE62D0A-A8B2-4A98-A3CC-10323019AE2B}.Release|Any CPU.ActiveCfg = Release|Any CPU
		{6EE62D0A-A8B2-4A98-A3CC-10323019AE2B}.Release|Any CPU.Build.0 = Release|Any CPU
		{E0B1F306-BF8E-4273-8E4E-BF12B838D8A0}.Debug|Any CPU.ActiveCfg = Debug|Any CPU
		{E0B1F306-BF8E-4273-8E4E-BF12B838D8A0}.Debug|Any CPU.Build.0 = Debug|Any CPU
		{E0B1F306-BF8E-4273-8E4E-BF12B838D8A0}.Release|Any CPU.ActiveCfg = Release|Any CPU
		{E0B1F306-BF8E-4273-8E4E-BF12B838D8A0}.Release|Any CPU.Build.0 = Release|Any CPU
		{3B2FACFF-FADE-4BB2-AAB5-D40CEF0CACBD}.Debug|Any CPU.ActiveCfg = Debug|Any CPU
		{3B2FACFF-FADE-4BB2-AAB5-D40CEF0CACBD}.Debug|Any CPU.Build.0 = Debug|Any CPU
		{3B2FACFF-FADE-4BB2-AAB5-D40CEF0CACBD}.Release|Any CPU.ActiveCfg = Release|Any CPU
		{3B2FACFF-FADE-4BB2-AAB5-D40CEF0CACBD}.Release|Any CPU.Build.0 = Release|Any CPU
		{F230F56A-FF11-4849-99A7-32F2B5F46968}.Debug|Any CPU.ActiveCfg = Debug|Any CPU
		{F230F56A-FF11-4849-99A7-32F2B5F46968}.Debug|Any CPU.Build.0 = Debug|Any CPU
		{F230F56A-FF11-4849-99A7-32F2B5F46968}.Release|Any CPU.ActiveCfg = Release|Any CPU
		{F230F56A-FF11-4849-99A7-32F2B5F46968}.Release|Any CPU.Build.0 = Release|Any CPU
	EndGlobalSection
	GlobalSection(SolutionProperties) = preSolution
		HideSolutionNode = FALSE
	EndGlobalSection
	GlobalSection(NestedProjects) = preSolution
		{9ACB554B-02F4-4AB4-A9C1-02FECD2956C0} = {EE60C3AE-E24E-4203-A6A7-FCA03B371CDA}
		{D3AB14E9-21BD-4701-94B6-F3837094EBF4} = {503F5B68-42D8-4FDF-A18A-6FC2A344D3E3}
		{6EE62D0A-A8B2-4A98-A3CC-10323019AE2B} = {D3AB14E9-21BD-4701-94B6-F3837094EBF4}
		{E0B1F306-BF8E-4273-8E4E-BF12B838D8A0} = {A3DF3918-2387-40BD-9952-2EAF4E18506E}
		{3B2FACFF-FADE-4BB2-AAB5-D40CEF0CACBD} = {A3DF3918-2387-40BD-9952-2EAF4E18506E}
		{F230F56A-FF11-4849-99A7-32F2B5F46968} = {503F5B68-42D8-4FDF-A18A-6FC2A344D3E3}
	EndGlobalSection
	GlobalSection(ExtensibilityGlobals) = postSolution
		SolutionGuid = {005862C5-440F-464B-9781-99043CECFF99}
	EndGlobalSection
EndGlobal
